{
    "_meta": {
        "hash": {
            "sha256": "9845e4e8b5b7cc2df223cf4f47b979d068f640fd342b777dc416b521d1bdd73e"
        },
        "pipfile-spec": 6,
        "requires": {
            "python_version": "3.7"
        },
        "sources": [
            {
                "name": "pypi",
                "url": "https://pypi.org/simple",
                "verify_ssl": true
            }
        ]
    },
    "default": {
        "asgiref": {
            "hashes": [
                "sha256:a5098bc870b80e7b872bff60bb363c7f2c2c89078759f6c47b53ff8c525a152e",
                "sha256:cd88907ecaec59d78e4ac00ea665b03e571cb37e3a0e37b3702af1a9e86c365a"
            ],
            "version": "==3.3.0"
        },
        "django": {
            "hashes": [
                "sha256:2f1ba1db8648484dd5c238fb62504777b7ad090c81c5f1fd8d5eb5ec21b5f283",
                "sha256:c91c91a7ad6ef67a874a4f76f58ba534f9208412692a840e1d125eb5c279cb0a"
            ],
            "index": "pypi",
            "version": "==3.0.3"
        },
        "pytz": {
            "hashes": [
                "sha256:a494d53b6d39c3c6e44c3bec237336e14305e4f29bbf800b599253057fbb79ed",
                "sha256:c35965d010ce31b23eeb663ed3cc8c906275d6be1a34393a1d73a41febf4a048"
            ],
            "version": "==2020.1"
        },
        "sqlparse": {
            "hashes": [
                "sha256:017cde379adbd6a1f15a61873f43e8274179378e95ef3fede90b5aa64d304ed0",
                "sha256:0f91fd2e829c44362cbcfab3e9ae12e22badaa8a29ad5ff599f9ec109f0454e8"
            ],
            "version": "==0.4.1"
        }
    },
    "develop": {}
}
